
Microsoft Visual Studio Solution File, Format Version 12.00
Project("{FAE04EC0-301F-11D3-BF4B-00C04F79EFBC}") = "InstanceManager", "InstanceManager\InstanceManager.csproj", "{7833E6A6-6DA4-4A7A-A5E4-9D70E53DF1FE}"
EndProject
Global
	GlobalSection(SolutionConfigurationPlatforms) = preSolution
		Debug|Any CPU = Debug|Any CPU
		Release|Any CPU = Release|Any CPU
	EndGlobalSection
	GlobalSection(ProjectConfigurationPlatforms) = postSolution
		{7833E6A6-6DA4-4A7A-A5E4-9D70E53DF1FE}.Debug|Any CPU.ActiveCfg = Debug|Any CPU
		{7833E6A6-6DA4-4A7A-A5E4-9D70E53DF1FE}.Debug|Any CPU.Build.0 = Debug|Any CPU
		{7833E6A6-6DA4-4A7A-A5E4-9D70E53DF1FE}.Release|Any CPU.ActiveCfg = Release|Any CPU
		{7833E6A6-6DA4-4A7A-A5E4-9D70E53DF1FE}.Release|Any CPU.Build.0 = Release|Any CPU
	EndGlobalSection
EndGlobal
